// !$*UTF8*$!
{
	archiveVersion = 1;
	classes = {
	};
	objectVersion = 55;
	objects = {

/* Begin PBXBuildFile section */
		2ABB70B2291CE1C80072D4C0 /* HighlightedQRCodeView.swift in Sources */ = {isa = PBXBuildFile; fileRef = 2ABB70B1291CE1C80072D4C0 /* HighlightedQRCodeView.swift */; };
		D126115D2792512F0077DC35 /* RenderDestinationMetalViewApp.swift in Sources */ = {isa = PBXBuildFile; fileRef = D126114D2792512D0077DC35 /* RenderDestinationMetalViewApp.swift */; };
		D126115F2792512F0077DC35 /* ContentView.swift in Sources */ = {isa = PBXBuildFile; fileRef = D126114E2792512D0077DC35 /* ContentView.swift */; };
		D12611612792512F0077DC35 /* Assets.xcassets in Resources */ = {isa = PBXBuildFile; fileRef = D126114F2792512F0077DC35 /* Assets.xcassets */; };
		D1261170279252CA0077DC35 /* Renderer.swift in Sources */ = {isa = PBXBuildFile; fileRef = D126116C279252CA0077DC35 /* Renderer.swift */; };
		D1261172279252CA0077DC35 /* MetalView.swift in Sources */ = {isa = PBXBuildFile; fileRef = D126116D279252CA0077DC35 /* MetalView.swift */; };
/* End PBXBuildFile section */

/* Begin PBXFileReference section */
		2ABB70B1291CE1C80072D4C0 /* HighlightedQRCodeView.swift */ = {isa = PBXFileReference; lastKnownFileType = sourcecode.swift; path = HighlightedQRCodeView.swift; sourceTree = "<group>"; };
		93E91D4DB2CC7BCE574F23C6 /* LICENSE.txt */ = {isa = PBXFileReference; includeInIndex = 1; lastKnownFileType = text; path = LICENSE.txt; sourceTree = "<group>"; };
		D126114D2792512D0077DC35 /* RenderDestinationMetalViewApp.swift */ = {isa = PBXFileReference; lastKnownFileType = sourcecode.swift; path = RenderDestinationMetalViewApp.swift; sourceTree = "<group>"; };
		D126114E2792512D0077DC35 /* ContentView.swift */ = {isa = PBXFileReference; lastKnownFileType = sourcecode.swift; path = ContentView.swift; sourceTree = "<group>"; };
		D126114F2792512F0077DC35 /* Assets.xcassets */ = {isa = PBXFileReference; lastKnownFileType = folder.assetcatalog; path = Assets.xcassets; sourceTree = "<group>"; };
		D12611542792512F0077DC35 /* RenderDestinationMetalView.app */ = {isa = PBXFileReference; explicitFileType = wrapper.application; includeInIndex = 0; path = RenderDestinationMetalView.app; sourceTree = BUILT_PRODUCTS_DIR; };
		D126116C279252CA0077DC35 /* Renderer.swift */ = {isa = PBXFileReference; fileEncoding = 4; lastKnownFileType = sourcecode.swift; path = Renderer.swift; sourceTree = "<group>"; };
		D126116D279252CA0077DC35 /* MetalView.swift */ = {isa = PBXFileReference; fileEncoding = 4; lastKnownFileType = sourcecode.swift; path = MetalView.swift; sourceTree = "<group>"; };
/* End PBXFileReference section */

/* Begin PBXFrameworksBuildPhase section */
		D12611512792512F0077DC35 /* Frameworks */ = {
			isa = PBXFrameworksBuildPhase;
			buildActionMask = 2147483647;
			files = (
			);
			runOnlyForDeploymentPostprocessing = 0;
		};
/* End PBXFrameworksBuildPhase section */

/* Begin PBXGroup section */
		2ABB70B3291CE78F0072D4C0 /* EDR QR */ = {
			isa = PBXGroup;
			children = (
				2ABB70B5291CE7A60072D4C0 /* Model */,
				2ABB70B4291CE79C0072D4C0 /* Views */,
			);
			path = "EDR QR";
			sourceTree = "<group>";
		};
		2ABB70B4291CE79C0072D4C0 /* Views */ = {
			isa = PBXGroup;
			children = (
				D126116D279252CA0077DC35 /* MetalView.swift */,
			);
			path = Views;
			sourceTree = "<group>";
		};
		2ABB70B5291CE7A60072D4C0 /* Model */ = {
			isa = PBXGroup;
			children = (
				D126116C279252CA0077DC35 /* Renderer.swift */,
			);
			path = Model;
			sourceTree = "<group>";
		};
		2ABB70B6291CE7E00072D4C0 /* Demo */ = {
			isa = PBXGroup;
			children = (
				D126114E2792512D0077DC35 /* ContentView.swift */,
				2ABB70B1291CE1C80072D4C0 /* HighlightedQRCodeView.swift */,
			);
			path = Demo;
			sourceTree = "<group>";
		};
		2ABB70B7291CE7F00072D4C0 /* Others */ = {
			isa = PBXGroup;
			children = (
				D126114D2792512D0077DC35 /* RenderDestinationMetalViewApp.swift */,
				D126114F2792512F0077DC35 /* Assets.xcassets */,
			);
			path = Others;
			sourceTree = "<group>";
		};
		D12611472792512D0077DC35 = {
			isa = PBXGroup;
			children = (
				2ABB70B6291CE7E00072D4C0 /* Demo */,
				2ABB70B3291CE78F0072D4C0 /* EDR QR */,
				2ABB70B7291CE7F00072D4C0 /* Others */,
				D12611552792512F0077DC35 /* Products */,
				DE4DF2615A0B035D043ED4DB /* LICENSE */,
			);
			sourceTree = "<group>";
		};
		D12611552792512F0077DC35 /* Products */ = {
			isa = PBXGroup;
			children = (
				D12611542792512F0077DC35 /* RenderDestinationMetalView.app */,
			);
			name = Products;
			sourceTree = "<group>";
		};
		DE4DF2615A0B035D043ED4DB /* LICENSE */ = {
			isa = PBXGroup;
			children = (
				93E91D4DB2CC7BCE574F23C6 /* LICENSE.txt */,
			);
			path = LICENSE;
			sourceTree = "<group>";
		};
/* End PBXGroup section */

/* Begin PBXNativeTarget section */
		D12611532792512F0077DC35 /* RenderDestinationMetalView (iOS) */ = {
			isa = PBXNativeTarget;
			buildConfigurationList = D12611652792512F0077DC35 /* Build configuration list for PBXNativeTarget "RenderDestinationMetalView (iOS)" */;
			buildPhases = (
				D12611502792512F0077DC35 /* Sources */,
				D12611512792512F0077DC35 /* Frameworks */,
				D12611522792512F0077DC35 /* Resources */,
			);
			buildRules = (
			);
			dependencies = (
			);
			name = "RenderDestinationMetalView (iOS)";
			productName = "RenderDestinationMetalView (iOS)";
			productReference = D12611542792512F0077DC35 /* RenderDestinationMetalView.app */;
			productType = "com.apple.product-type.application";
		};
/* End PBXNativeTarget section */

/* Begin PBXProject section */
		D12611482792512D0077DC35 /* Project object */ = {
			isa = PBXProject;
			attributes = {
				BuildIndependentTargetsInParallel = 1;
				LastSwiftUpdateCheck = 1330;
				LastUpgradeCheck = 1330;
				ORGANIZATIONNAME = Apple;
				TargetAttributes = {
					D12611532792512F0077DC35 = {
						CreatedOnToolsVersion = 13.3;
					};
				};
			};
			buildConfigurationList = D126114B2792512D0077DC35 /* Build configuration list for PBXProject "RenderDestinationMetalView" */;
			compatibilityVersion = "Xcode 13.0";
			developmentRegion = en;
			hasScannedForEncodings = 0;
			knownRegions = (
				en,
				Base,
			);
			mainGroup = D12611472792512D0077DC35;
			productRefGroup = D12611552792512F0077DC35 /* Products */;
			projectDirPath = "";
			projectRoot = "";
			targets = (
				D12611532792512F0077DC35 /* RenderDestinationMetalView (iOS) */,
			);
		};
/* End PBXProject section */

/* Begin PBXResourcesBuildPhase section */
		D12611522792512F0077DC35 /* Resources */ = {
			isa = PBXResourcesBuildPhase;
			buildActionMask = 2147483647;
			files = (
				D12611612792512F0077DC35 /* Assets.xcassets in Resources */,
			);
			runOnlyForDeploymentPostprocessing = 0;
		};
/* End PBXResourcesBuildPhase section */

/* Begin PBXSourcesBuildPhase section */
		D12611502792512F0077DC35 /* Sources */ = {
			isa = PBXSourcesBuildPhase;
			buildActionMask = 2147483647;
			files = (
				D1261170279252CA0077DC35 /* Renderer.swift in Sources */,
				D126115F2792512F0077DC35 /* ContentView.swift in Sources */,
				D1261172279252CA0077DC35 /* MetalView.swift in Sources */,
				D126115D2792512F0077DC35 /* RenderDestinationMetalViewApp.swift in Sources */,
				2ABB70B2291CE1C80072D4C0 /* HighlightedQRCodeView.swift in Sources */,
			);
			runOnlyForDeploymentPostprocessing = 0;
		};
/* End PBXSourcesBuildPhase section */

/* Begin XCBuildConfiguration section */
		D12611632792512F0077DC35 /* Debug */ = {
			isa = XCBuildConfiguration;
			buildSettings = {
				ALWAYS_SEARCH_USER_PATHS = NO;
				CLANG_ANALYZER_NONNULL = YES;
				CLANG_ANALYZER_NUMBER_OBJECT_CONVERSION = YES_AGGRESSIVE;
				CLANG_CXX_LANGUAGE_STANDARD = "gnu++17";
				CLANG_ENABLE_MODULES = YES;
				CLANG_ENABLE_OBJC_ARC = YES;
				CLANG_ENABLE_OBJC_WEAK = YES;
				CLANG_WARN_BLOCK_CAPTURE_AUTORELEASING = YES;
				CLANG_WARN_BOOL_CONVERSION = YES;
				CLANG_WARN_COMMA = YES;
				CLANG_WARN_CONSTANT_CONVERSION = YES;
				CLANG_WARN_DEPRECATED_OBJC_IMPLEMENTATIONS = YES;
				CLANG_WARN_DIRECT_OBJC_ISA_USAGE = YES_ERROR;
				CLANG_WARN_DOCUMENTATION_COMMENTS = YES;
				CLANG_WARN_EMPTY_BODY = YES;
				CLANG_WARN_ENUM_CONVERSION = YES;
				CLANG_WARN_INFINITE_RECURSION = YES;
				CLANG_WARN_INT_CONVERSION = YES;
				CLANG_WARN_NON_LITERAL_NULL_CONVERSION = YES;
				CLANG_WARN_OBJC_IMPLICIT_RETAIN_SELF = YES;
				CLANG_WARN_OBJC_LITERAL_CONVERSION = YES;
				CLANG_WARN_OBJC_ROOT_CLASS = YES_ERROR;
				CLANG_WARN_QUOTED_INCLUDE_IN_FRAMEWORK_HEADER = YES;
				CLANG_WARN_RANGE_LOOP_ANALYSIS = YES;
				CLANG_WARN_STRICT_PROTOTYPES = YES;
				CLANG_WARN_SUSPICIOUS_MOVE = YES;
				CLANG_WARN_UNGUARDED_AVAILABILITY = YES_AGGRESSIVE;
				CLANG_WARN_UNREACHABLE_CODE = YES;
				CLANG_WARN__DUPLICATE_METHOD_MATCH = YES;
				COPY_PHASE_STRIP = NO;
				DEBUG_INFORMATION_FORMAT = dwarf;
				ENABLE_STRICT_OBJC_MSGSEND = YES;
				ENABLE_TESTABILITY = YES;
				GCC_C_LANGUAGE_STANDARD = gnu11;
				GCC_DYNAMIC_NO_PIC = NO;
				GCC_NO_COMMON_BLOCKS = YES;
				GCC_OPTIMIZATION_LEVEL = 0;
				GCC_PREPROCESSOR_DEFINITIONS = (
					"DEBUG=1",
					"$(inherited)",
				);
				GCC_WARN_64_TO_32_BIT_CONVERSION = YES;
				GCC_WARN_ABOUT_RETURN_TYPE = YES_ERROR;
				GCC_WARN_UNDECLARED_SELECTOR = YES;
				GCC_WARN_UNINITIALIZED_AUTOS = YES_AGGRESSIVE;
				GCC_WARN_UNUSED_FUNCTION = YES;
				GCC_WARN_UNUSED_VARIABLE = YES;
				MTL_ENABLE_DEBUG_INFO = INCLUDE_SOURCE;
				MTL_FAST_MATH = YES;
				ONLY_ACTIVE_ARCH = YES;
				SWIFT_ACTIVE_COMPILATION_CONDITIONS = DEBUG;
				SWIFT_OPTIMIZATION_LEVEL = "-Onone";
			};
			name = Debug;
		};
		D12611642792512F0077DC35 /* Release */ = {
			isa = XCBuildConfiguration;
			buildSettings = {
				ALWAYS_SEARCH_USER_PATHS = NO;
				CLANG_ANALYZER_NONNULL = YES;
				CLANG_ANALYZER_NUMBER_OBJECT_CONVERSION = YES_AGGRESSIVE;
				CLANG_CXX_LANGUAGE_STANDARD = "gnu++17";
				CLANG_ENABLE_MODULES = YES;
				CLANG_ENABLE_OBJC_ARC = YES;
				CLANG_ENABLE_OBJC_WEAK = YES;
				CLANG_WARN_BLOCK_CAPTURE_AUTORELEASING = YES;
				CLANG_WARN_BOOL_CONVERSION = YES;
				CLANG_WARN_COMMA = YES;
				CLANG_WARN_CONSTANT_CONVERSION = YES;
				CLANG_WARN_DEPRECATED_OBJC_IMPLEMENTATIONS = YES;
				CLANG_WARN_DIRECT_OBJC_ISA_USAGE = YES_ERROR;
				CLANG_WARN_DOCUMENTATION_COMMENTS = YES;
				CLANG_WARN_EMPTY_BODY = YES;
				CLANG_WARN_ENUM_CONVERSION = YES;
				CLANG_WARN_INFINITE_RECURSION = YES;
				CLANG_WARN_INT_CONVERSION = YES;
				CLANG_WARN_NON_LITERAL_NULL_CONVERSION = YES;
				CLANG_WARN_OBJC_IMPLICIT_RETAIN_SELF = YES;
				CLANG_WARN_OBJC_LITERAL_CONVERSION = YES;
				CLANG_WARN_OBJC_ROOT_CLASS = YES_ERROR;
				CLANG_WARN_QUOTED_INCLUDE_IN_FRAMEWORK_HEADER = YES;
				CLANG_WARN_RANGE_LOOP_ANALYSIS = YES;
				CLANG_WARN_STRICT_PROTOTYPES = YES;
				CLANG_WARN_SUSPICIOUS_MOVE = YES;
				CLANG_WARN_UNGUARDED_AVAILABILITY = YES_AGGRESSIVE;
				CLANG_WARN_UNREACHABLE_CODE = YES;
				CLANG_WARN__DUPLICATE_METHOD_MATCH = YES;
				COPY_PHASE_STRIP = NO;
				DEBUG_INFORMATION_FORMAT = "dwarf-with-dsym";
				ENABLE_NS_ASSERTIONS = NO;
				ENABLE_STRICT_OBJC_MSGSEND = YES;
				GCC_C_LANGUAGE_STANDARD = gnu11;
				GCC_NO_COMMON_BLOCKS = YES;
				GCC_WARN_64_TO_32_BIT_CONVERSION = YES;
				GCC_WARN_ABOUT_RETURN_TYPE = YES_ERROR;
				GCC_WARN_UNDECLARED_SELECTOR = YES;
				GCC_WARN_UNINITIALIZED_AUTOS = YES_AGGRESSIVE;
				GCC_WARN_UNUSED_FUNCTION = YES;
				GCC_WARN_UNUSED_VARIABLE = YES;
				MTL_ENABLE_DEBUG_INFO = NO;
				MTL_FAST_MATH = YES;
				SWIFT_COMPILATION_MODE = wholemodule;
				SWIFT_OPTIMIZATION_LEVEL = "-O";
			};
			name = Release;
		};
		D12611662792512F0077DC35 /* Debug */ = {
			isa = XCBuildConfiguration;
			buildSettings = {
				ASSETCATALOG_COMPILER_APPICON_NAME = AppIcon;
				ASSETCATALOG_COMPILER_GLOBAL_ACCENT_COLOR_NAME = AccentColor;
				CODE_SIGN_IDENTITY = "iPhone Developer";
				CODE_SIGN_STYLE = Automatic;
				CURRENT_PROJECT_VERSION = 1;
				DEVELOPMENT_TEAM = 9LFMJA3SC2;
				ENABLE_PREVIEWS = YES;
				GENERATE_INFOPLIST_FILE = YES;
				INFOPLIST_KEY_UIApplicationSceneManifest_Generation = YES;
				INFOPLIST_KEY_UIApplicationSupportsIndirectInputEvents = YES;
				INFOPLIST_KEY_UILaunchScreen_Generation = YES;
				INFOPLIST_KEY_UISupportedInterfaceOrientations_iPad = "UIInterfaceOrientationPortrait UIInterfaceOrientationPortraitUpsideDown UIInterfaceOrientationLandscapeLeft UIInterfaceOrientationLandscapeRight";
				INFOPLIST_KEY_UISupportedInterfaceOrientations_iPhone = "UIInterfaceOrientationPortrait UIInterfaceOrientationLandscapeLeft UIInterfaceOrientationLandscapeRight";
				IPHONEOS_DEPLOYMENT_TARGET = 15.5;
				LD_RUNPATH_SEARCH_PATHS = (
					"$(inherited)",
					"@executable_path/Frameworks",
				);
				MARKETING_VERSION = 1.0;
				PRODUCT_BUNDLE_IDENTIFIER = "com.example.apple-samplecode.RenderDestinationMetalView${SAMPLE_CODE_DISAMBIGUATOR}.RenderDestinationMetalView";
				PRODUCT_NAME = RenderDestinationMetalView;
				PROVISIONING_PROFILE_SPECIFIER = "";
				SDKROOT = iphoneos;
				SWIFT_EMIT_LOC_STRINGS = YES;
				SWIFT_VERSION = 5.0;
				TARGETED_DEVICE_FAMILY = "1,2";
			};
			name = Debug;
		};
		D12611672792512F0077DC35 /* Release */ = {
			isa = XCBuildConfiguration;
			buildSettings = {
				ASSETCATALOG_COMPILER_APPICON_NAME = AppIcon;
				ASSETCATALOG_COMPILER_GLOBAL_ACCENT_COLOR_NAME = AccentColor;
				CODE_SIGN_IDENTITY = "iPhone Developer";
				CODE_SIGN_STYLE = Automatic;
				CURRENT_PROJECT_VERSION = 1;
				DEVELOPMENT_TEAM = 9LFMJA3SC2;
				ENABLE_PREVIEWS = YES;
				GENERATE_INFOPLIST_FILE = YES;
				INFOPLIST_KEY_UIApplicationSceneManifest_Generation = YES;
				INFOPLIST_KEY_UIApplicationSupportsIndirectInputEvents = YES;
				INFOPLIST_KEY_UILaunchScreen_Generation = YES;
				INFOPLIST_KEY_UISupportedInterfaceOrientations_iPad = "UIInterfaceOrientationPortrait UIInterfaceOrientationPortraitUpsideDown UIInterfaceOrientationLandscapeLeft UIInterfaceOrientationLandscapeRight";
				INFOPLIST_KEY_UISupportedInterfaceOrientations_iPhone = "UIInterfaceOrientationPortrait UIInterfaceOrientationLandscapeLeft UIInterfaceOrientationLandscapeRight";
				IPHONEOS_DEPLOYMENT_TARGET = 15.5;
				LD_RUNPATH_SEARCH_PATHS = (
					"$(inherited)",
					"@executable_path/Frameworks",
				);
				MARKETING_VERSION = 1.0;
				PRODUCT_BUNDLE_IDENTIFIER = "com.example.apple-samplecode.RenderDestinationMetalView${SAMPLE_CODE_DISAMBIGUATOR}.RenderDestinationMetalView";
				PRODUCT_NAME = RenderDestinationMetalView;
				PROVISIONING_PROFILE_SPECIFIER = "";
				SDKROOT = iphoneos;
				SWIFT_EMIT_LOC_STRINGS = YES;
				SWIFT_VERSION = 5.0;
				TARGETED_DEVICE_FAMILY = "1,2";
				VALIDATE_PRODUCT = YES;
			};
			name = Release;
		};
/* End XCBuildConfiguration section */

/* Begin XCConfigurationList section */
		D126114B2792512D0077DC35 /* Build configuration list for PBXProject "RenderDestinationMetalView" */ = {
			isa = XCConfigurationList;
			buildConfigurations = (
				D12611632792512F0077DC35 /* Debug */,
				D12611642792512F0077DC35 /* Release */,
			);
			defaultConfigurationIsVisible = 0;
			defaultConfigurationName = Release;
		};
		D12611652792512F0077DC35 /* Build configuration list for PBXNativeTarget "RenderDestinationMetalView (iOS)" */ = {
			isa = XCConfigurationList;
			buildConfigurations = (
				D12611662792512F0077DC35 /* Debug */,
				D12611672792512F0077DC35 /* Release */,
			);
			defaultConfigurationIsVisible = 0;
			defaultConfigurationName = Release;
		};
/* End XCConfigurationList section */
	};
	rootObject = D12611482792512D0077DC35 /* Project object */;
}
